{
    "version": 3,
    "terraform_version": "0.11.11",
    "serial": 20,
    "lineage": "7e32bb96-5636-25ab-6d71-0157e42ace0c",
    "modules": [
        {
            "path": [
                "root"
            ],
            "outputs": {
                "Swarm Manager IPs": {
                    "sensitive": false,
                    "type": "list",
                    "value": [
                        "68.183.178.197"
                    ]
                },
                "Swarm Worker IPs": {
                    "sensitive": false,
                    "type": "list",
                    "value": [
                        "159.65.130.133"
                    ]
                }
            },
            "resources": {
                "data.template_file.blog_state": {
                    "type": "template_file",
                    "depends_on": [
                        "digitalocean_droplet.managers",
                        "digitalocean_droplet.managers.*",
                        "digitalocean_droplet.workers",
                        "digitalocean_droplet.workers.*"
                    ],
                    "primary": {
                        "id": "25bcc88110ee16e79af10f6da600436102e36263d99166a3bc963c50b8e52d86",
                        "attributes": {
                            "id": "25bcc88110ee16e79af10f6da600436102e36263d99166a3bc963c50b8e52d86",
                            "rendered": "{\r\n    \"managers\": [\"68.183.178.197\"],\r\n    \"workers\": [\"159.65.130.133\"]\r\n}",
                            "template": "{\r\n    \"managers\": [${managers}],\r\n    \"workers\": [${workers}]\r\n}",
                            "vars.%": "2",
                            "vars.managers": "\"68.183.178.197\"",
                            "vars.workers": "\"159.65.130.133\""
                        },
                        "meta": {},
                        "tainted": false
                    },
                    "deposed": [],
                    "provider": "provider.template"
                },
                "data.template_file.inventory": {
                    "type": "template_file",
                    "depends_on": [
                        "digitalocean_droplet.managers",
                        "digitalocean_droplet.managers.*",
                        "digitalocean_droplet.workers",
                        "digitalocean_droplet.workers.*"
                    ],
                    "primary": {
                        "id": "7bf84ae66d60d60b9857110ae500b0bf29a72eb94d692bba5fd86ff8870dc0cf",
                        "attributes": {
                            "id": "7bf84ae66d60d60b9857110ae500b0bf29a72eb94d692bba5fd86ff8870dc0cf",
                            "rendered": "[managers]\r\n68.183.178.197\r\n\r\n[workers]\r\n159.65.130.133",
                            "template": "[managers]\r\n${managers}\r\n\r\n[workers]\r\n${workers}",
                            "vars.%": "2",
                            "vars.managers": "68.183.178.197",
                            "vars.workers": "159.65.130.133"
                        },
                        "meta": {},
                        "tainted": false
                    },
                    "deposed": [],
                    "provider": "provider.template"
                },
                "digitalocean_droplet.managers": {
                    "type": "digitalocean_droplet",
                    "depends_on": [
                        "digitalocean_ssh_key.ssh"
                    ],
                    "primary": {
                        "id": "132650304",
                        "attributes": {
                            "backups": "false",
                            "disk": "50",
                            "id": "132650304",
                            "image": "ubuntu-16-04-x64",
                            "ipv4_address": "68.183.178.197",
                            "ipv4_address_private": "",
                            "ipv6": "false",
                            "ipv6_address": "",
                            "ipv6_address_private": "",
                            "locked": "false",
                            "memory": "2048",
                            "monitoring": "false",
                            "name": "SHOPEE-BLOG-MANAGER-1",
                            "price_hourly": "0.01488",
                            "price_monthly": "10",
                            "private_networking": "false",
                            "region": "sgp1",
                            "resize_disk": "true",
                            "size": "s-1vcpu-2gb",
                            "ssh_keys.#": "1",
                            "ssh_keys.1405331269": "1d:76:23:a6:ae:85:1a:7a:fe:42:a3:9a:01:a4:54:b7",
                            "status": "active",
                            "tags.#": "0",
                            "vcpus": "1",
                            "volume_ids.#": "0"
                        },
                        "meta": {
                            "schema_version": "1"
                        },
                        "tainted": false
                    },
                    "deposed": [],
                    "provider": "provider.digitalocean"
                },
                "digitalocean_droplet.workers": {
                    "type": "digitalocean_droplet",
                    "depends_on": [
                        "digitalocean_droplet.managers",
                        "digitalocean_ssh_key.ssh"
                    ],
                    "primary": {
                        "id": "132650388",
                        "attributes": {
                            "backups": "false",
                            "disk": "25",
                            "id": "132650388",
                            "image": "ubuntu-16-04-x64",
                            "ipv4_address": "159.65.130.133",
                            "ipv4_address_private": "",
                            "ipv6": "false",
                            "ipv6_address": "",
                            "ipv6_address_private": "",
                            "locked": "false",
                            "memory": "1024",
                            "monitoring": "false",
                            "name": "SHOPEE-BLOG-WORKER-1",
                            "price_hourly": "0.00744",
                            "price_monthly": "5",
                            "private_networking": "false",
                            "region": "sgp1",
                            "resize_disk": "true",
                            "size": "s-1vcpu-1gb",
                            "ssh_keys.#": "1",
                            "ssh_keys.1405331269": "1d:76:23:a6:ae:85:1a:7a:fe:42:a3:9a:01:a4:54:b7",
                            "status": "active",
                            "tags.#": "0",
                            "vcpus": "1",
                            "volume_ids.#": "0"
                        },
                        "meta": {
                            "schema_version": "1"
                        },
                        "tainted": false
                    },
                    "deposed": [],
                    "provider": "provider.digitalocean"
                },
                "digitalocean_ssh_key.ssh": {
                    "type": "digitalocean_ssh_key",
                    "depends_on": [],
                    "primary": {
                        "id": "24024128",
                        "attributes": {
                            "fingerprint": "1d:76:23:a6:ae:85:1a:7a:fe:42:a3:9a:01:a4:54:b7",
                            "id": "24024128",
                            "name": "Blog",
                            "public_key": "ssh-rsa AAAAB3NzaC1yc2EAAAADAQABAAABAQDBdFzsEmQ1ouViUPnFb+Eh8S1W7STsZCLlLahTsa9dsDAAmDzzBYhXIweeCmjyyQSxmqEo83aj+xfSjoQHMxzrQc5oPN8iocpj+W3i4BgFBiFHsSrepGWbffGwVKvSaPeExEJqv4sSqQ/oBsXJV+a/KPT6S1iGDJzC7QyjFVz/kWbBm7WTrJj9q74tic1RXDJVeBp1WgYQwXIRrtcWpAXE7dCYWgNGra/0Ck3bVfXCCZoJLblag2Rm/z8e1GVQOP0BsZBksZJtwx4c/N+dYy0PpWKELVWqyP41VXTdJcfvoQ+Iv+doGQ6sn2wVsxGAbufFRYCxovjCOIzqC0x9w873 minimonster@DESKTOP-R69A6CE"
                        },
                        "meta": {},
                        "tainted": false
                    },
                    "deposed": [],
                    "provider": "provider.digitalocean"
                },
                "null_resource.cmd": {
                    "type": "null_resource",
                    "depends_on": [
                        "data.template_file.blog_state",
                        "data.template_file.inventory"
                    ],
                    "primary": {
                        "id": "6492518691266169731",
                        "attributes": {
                            "id": "6492518691266169731",
                            "triggers.%": "1",
                            "triggers.template_rendered": "[managers]\r\n68.183.178.197\r\n\r\n[workers]\r\n159.65.130.133"
                        },
                        "meta": {},
                        "tainted": false
                    },
                    "deposed": [],
                    "provider": "provider.null"
                }
            },
            "depends_on": []
        }
    ]
}
